# THIS IS AN AUTOGENERATED FILE. DO NOT EDIT THIS FILE DIRECTLY.
# yarn lockfile v1


"@types/node@^17.0.17":
  "integrity" "sha512-e8PUNQy1HgJGV3iU/Bp2+D/DXh3PYeyli8LgIwsQcs1Ar1LoaWHSIT6Rw+H2rNJmiq6SNWiDytfx8+gYj7wDHw=="
  "resolved" "https://registry.npmjs.org/@types/node/-/node-17.0.17.tgz"
  "version" "17.0.17"

"@types/readline-sync@^1.4.4":
  "integrity" "sha512-cFjVIoiamX7U6zkO2VPvXyTxbFDdiRo902IarJuPVxBhpDnXhwSaVE86ip+SCuyWBbEioKCkT4C88RNTxBM1Dw=="
  "resolved" "https://registry.npmjs.org/@types/readline-sync/-/readline-sync-1.4.4.tgz"
  "version" "1.4.4"

"commander@^9.0.0":
  "integrity" "sha512-JJfP2saEKbQqvW+FI93OYUB4ByV5cizMpFMiiJI8xDbBvQvSkIk0VvQdn1CZ8mqAO8Loq2h0gYTYtDFUZUeERw=="
  "resolved" "https://registry.npmjs.org/commander/-/commander-9.0.0.tgz"
  "version" "9.0.0"

"prettier@^2.5.1":
  "integrity" "sha512-vBZcPRUR5MZJwoyi3ZoyQlc1rXeEck8KgeC9AwwOn+exuxLxq5toTRDTSaVrXHxelDMHy9zlicw8u66yxoSUFg=="
  "resolved" "https://registry.npmjs.org/prettier/-/prettier-2.5.1.tgz"
  "version" "2.5.1"

"readline-sync@^1.4.10":
  "integrity" "sha512-gNva8/6UAe8QYepIQH/jQ2qn91Qj0B9sYjMBBs3QOB8F2CXcKgLxQaJRP76sWVRQt+QU+8fAkCbCvjjMFu7Ycw=="
  "resolved" "https://registry.npmjs.org/readline-sync/-/readline-sync-1.4.10.tgz"
  "version" "1.4.10"

"typescript@^4.5.5":
  "integrity" "sha512-TCTIul70LyWe6IJWT8QSYeA54WQe8EjQFU4wY52Fasj5UKx88LNYKCgBEHcOMOrFF1rKGbD8v/xcNWVUq9SymA=="
  "resolved" "https://registry.npmjs.org/typescript/-/typescript-4.5.5.tgz"
  "version" "4.5.5"
